
Microsoft Visual Studio Solution File, Format Version 11.00
# Visual Studio 2010
Project("{FAE04EC0-301F-11D3-BF4B-00C04F79EFBC}") = "Assembly-CSharp", "Assembly-CSharp.csproj", "{39e0262d-d90e-830d-15d3-dae4774c9f7e}"
EndProject
Project("{FAE04EC0-301F-11D3-BF4B-00C04F79EFBC}") = "Assembly-CSharp-firstpass", "Assembly-CSharp-firstpass.csproj", "{320b980b-37a4-6448-800d-d75c32ece6ae}"
EndProject
Project("{FAE04EC0-301F-11D3-BF4B-00C04F79EFBC}") = "Assembly-CSharp-Editor-firstpass", "Assembly-CSharp-Editor-firstpass.csproj", "{796511f5-fd55-8eaf-9062-d0e79a3be80e}"
EndProject
Global
	GlobalSection(SolutionConfigurationPlatforms) = preSolution
		Debug|Any CPU = Debug|Any CPU
	EndGlobalSection
	GlobalSection(ProjectConfigurationPlatforms) = postSolution
		{39e0262d-d90e-830d-15d3-dae4774c9f7e}.Debug|Any CPU.ActiveCfg = Debug|Any CPU
		{39e0262d-d90e-830d-15d3-dae4774c9f7e}.Debug|Any CPU.Build.0 = Debug|Any CPU
		{320b980b-37a4-6448-800d-d75c32ece6ae}.Debug|Any CPU.ActiveCfg = Debug|Any CPU
		{320b980b-37a4-6448-800d-d75c32ece6ae}.Debug|Any CPU.Build.0 = Debug|Any CPU
		{796511f5-fd55-8eaf-9062-d0e79a3be80e}.Debug|Any CPU.ActiveCfg = Debug|Any CPU
		{796511f5-fd55-8eaf-9062-d0e79a3be80e}.Debug|Any CPU.Build.0 = Debug|Any CPU
	EndGlobalSection
	GlobalSection(SolutionProperties) = preSolution
		HideSolutionNode = FALSE
	EndGlobalSection
EndGlobal
